
Microsoft Visual Studio Solution File, Format Version 12.00
# Visual Studio Version 17
VisualStudioVersion = 17.4.33205.214
MinimumVisualStudioVersion = 10.0.40219.1
Project("{9A19103F-16F7-4668-BE54-9A1E7A4F7556}") = "ViewBindings.SourceGenerator.Demo", "ViewBindings.SourceGenerator.Demo\ViewBindings.SourceGenerator.Demo.csproj", "{9B090233-6174-4A3A-94D3-758763F4E7BA}"
EndProject
Project("{9A19103F-16F7-4668-BE54-9A1E7A4F7556}") = "ViewBindings.SourceGenerator", "ViewBindings.SourceGenerator\ViewBindings.SourceGenerator.csproj", "{1615FF7E-DAB9-401C-9322-C132F9F2320F}"
EndProject
Project("{2150E333-8FDC-42A3-9474-1A3956D46DE8}") = "Solution Items", "Solution Items", "{C95038C1-5DCB-4B25-8C06-7C656C07D770}"
	ProjectSection(SolutionItems) = preProject
		.github\workflows\dotnet.yml = .github\workflows\dotnet.yml
		README.md = README.md
	EndProjectSection
EndProject
Project("{9A19103F-16F7-4668-BE54-9A1E7A4F7556}") = "ViewBindings.SourceGenerator.Tests", "ViewBindings.SourceGenerator.Tests\ViewBindings.SourceGenerator.Tests.csproj", "{877654F7-B165-4C2D-9346-A6E8EA408188}"
EndProject
Project("{9A19103F-16F7-4668-BE54-9A1E7A4F7556}") = "ViewBindings.SourceGenerator.Contracts", "ViewBindings.SourceGenerator.Contracts\ViewBindings.SourceGenerator.Contracts.csproj", "{45AF226C-FD2D-4274-9C8D-70C1FBD23F05}"
EndProject
Global
	GlobalSection(SolutionConfigurationPlatforms) = preSolution
		Debug|Any CPU = Debug|Any CPU
		Release|Any CPU = Release|Any CPU
	EndGlobalSection
	GlobalSection(ProjectConfigurationPlatforms) = postSolution
		{9B090233-6174-4A3A-94D3-758763F4E7BA}.Debug|Any CPU.ActiveCfg = Debug|Any CPU
		{9B090233-6174-4A3A-94D3-758763F4E7BA}.Debug|Any CPU.Build.0 = Debug|Any CPU
		{9B090233-6174-4A3A-94D3-758763F4E7BA}.Release|Any CPU.ActiveCfg = Release|Any CPU
		{9B090233-6174-4A3A-94D3-758763F4E7BA}.Release|Any CPU.Build.0 = Release|Any CPU
		{1615FF7E-DAB9-401C-9322-C132F9F2320F}.Debug|Any CPU.ActiveCfg = Debug|Any CPU
		{1615FF7E-DAB9-401C-9322-C132F9F2320F}.Debug|Any CPU.Build.0 = Debug|Any CPU
		{1615FF7E-DAB9-401C-9322-C132F9F2320F}.Release|Any CPU.ActiveCfg = Release|Any CPU
		{1615FF7E-DAB9-401C-9322-C132F9F2320F}.Release|Any CPU.Build.0 = Release|Any CPU
		{877654F7-B165-4C2D-9346-A6E8EA408188}.Debug|Any CPU.ActiveCfg = Debug|Any CPU
		{877654F7-B165-4C2D-9346-A6E8EA408188}.Debug|Any CPU.Build.0 = Debug|Any CPU
		{877654F7-B165-4C2D-9346-A6E8EA408188}.Release|Any CPU.ActiveCfg = Release|Any CPU
		{877654F7-B165-4C2D-9346-A6E8EA408188}.Release|Any CPU.Build.0 = Release|Any CPU
		{45AF226C-FD2D-4274-9C8D-70C1FBD23F05}.Debug|Any CPU.ActiveCfg = Debug|Any CPU
		{45AF226C-FD2D-4274-9C8D-70C1FBD23F05}.Debug|Any CPU.Build.0 = Debug|Any CPU
		{45AF226C-FD2D-4274-9C8D-70C1FBD23F05}.Release|Any CPU.ActiveCfg = Release|Any CPU
		{45AF226C-FD2D-4274-9C8D-70C1FBD23F05}.Release|Any CPU.Build.0 = Release|Any CPU
	EndGlobalSection
	GlobalSection(SolutionProperties) = preSolution
		HideSolutionNode = FALSE
	EndGlobalSection
	GlobalSection(ExtensibilityGlobals) = postSolution
		SolutionGuid = {CF6580D5-A841-4C8A-B08F-5B20E9B57708}
	EndGlobalSection
EndGlobal
